
Microsoft Visual Studio Solution File, Format Version 12.00
# Visual Studio Version 16
VisualStudioVersion = 16.0.31624.102
MinimumVisualStudioVersion = 10.0.40219.1
Project("{FAE04EC0-301F-11D3-BF4B-00C04F79EFBC}") = "Task4_2", "Task4_2\Task4_2.csproj", "{C86322AC-06DF-4CE5-8060-F2D9AF2D7F93}"
EndProject
Global
	GlobalSection(SolutionConfigurationPlatforms) = preSolution
		Debug|Any CPU = Debug|Any CPU
		Release|Any CPU = Release|Any CPU
	EndGlobalSection
	GlobalSection(ProjectConfigurationPlatforms) = postSolution
		{C86322AC-06DF-4CE5-8060-F2D9AF2D7F93}.Debug|Any CPU.ActiveCfg = Debug|Any CPU
		{C86322AC-06DF-4CE5-8060-F2D9AF2D7F93}.Debug|Any CPU.Build.0 = Debug|Any CPU
		{C86322AC-06DF-4CE5-8060-F2D9AF2D7F93}.Release|Any CPU.ActiveCfg = Release|Any CPU
		{C86322AC-06DF-4CE5-8060-F2D9AF2D7F93}.Release|Any CPU.Build.0 = Release|Any CPU
	EndGlobalSection
	GlobalSection(SolutionProperties) = preSolution
		HideSolutionNode = FALSE
	EndGlobalSection
	GlobalSection(ExtensibilityGlobals) = postSolution
		SolutionGuid = {8D0A2871-EDAD-4048-B80B-9ABE3DFD8F6B}
	EndGlobalSection
EndGlobal
