
Microsoft Visual Studio Solution File, Format Version 12.00
# Visual Studio Version 16
VisualStudioVersion = 16.0.31624.102
MinimumVisualStudioVersion = 10.0.40219.1
Project("{FAE04EC0-301F-11D3-BF4B-00C04F79EFBC}") = "Task2", "Task2\Task2.csproj", "{B95704B7-CCC2-40B0-A674-F8CAD7F02017}"
EndProject
Global
	GlobalSection(SolutionConfigurationPlatforms) = preSolution
		Debug|Any CPU = Debug|Any CPU
		Release|Any CPU = Release|Any CPU
	EndGlobalSection
	GlobalSection(ProjectConfigurationPlatforms) = postSolution
		{B95704B7-CCC2-40B0-A674-F8CAD7F02017}.Debug|Any CPU.ActiveCfg = Debug|Any CPU
		{B95704B7-CCC2-40B0-A674-F8CAD7F02017}.Debug|Any CPU.Build.0 = Debug|Any CPU
		{B95704B7-CCC2-40B0-A674-F8CAD7F02017}.Release|Any CPU.ActiveCfg = Release|Any CPU
		{B95704B7-CCC2-40B0-A674-F8CAD7F02017}.Release|Any CPU.Build.0 = Release|Any CPU
	EndGlobalSection
	GlobalSection(SolutionProperties) = preSolution
		HideSolutionNode = FALSE
	EndGlobalSection
	GlobalSection(ExtensibilityGlobals) = postSolution
		SolutionGuid = {D4911355-C770-483E-8642-C73CB02D72A3}
	EndGlobalSection
EndGlobal
