
Microsoft Visual Studio Solution File, Format Version 12.00
# Visual Studio Version 16
VisualStudioVersion = 16.0.31624.102
MinimumVisualStudioVersion = 10.0.40219.1
Project("{FAE04EC0-301F-11D3-BF4B-00C04F79EFBC}") = "Task5_2", "Task5_2\Task5_2.csproj", "{5DC9AD9A-EAF2-4A3E-B96A-5F54AE7CBBAA}"
EndProject
Global
	GlobalSection(SolutionConfigurationPlatforms) = preSolution
		Debug|Any CPU = Debug|Any CPU
		Release|Any CPU = Release|Any CPU
	EndGlobalSection
	GlobalSection(ProjectConfigurationPlatforms) = postSolution
		{5DC9AD9A-EAF2-4A3E-B96A-5F54AE7CBBAA}.Debug|Any CPU.ActiveCfg = Debug|Any CPU
		{5DC9AD9A-EAF2-4A3E-B96A-5F54AE7CBBAA}.Debug|Any CPU.Build.0 = Debug|Any CPU
		{5DC9AD9A-EAF2-4A3E-B96A-5F54AE7CBBAA}.Release|Any CPU.ActiveCfg = Release|Any CPU
		{5DC9AD9A-EAF2-4A3E-B96A-5F54AE7CBBAA}.Release|Any CPU.Build.0 = Release|Any CPU
	EndGlobalSection
	GlobalSection(SolutionProperties) = preSolution
		HideSolutionNode = FALSE
	EndGlobalSection
	GlobalSection(ExtensibilityGlobals) = postSolution
		SolutionGuid = {A3B9AAD9-7B9A-4730-AABC-D9EE5BF66907}
	EndGlobalSection
EndGlobal
