
Microsoft Visual Studio Solution File, Format Version 12.00
# Visual Studio Version 16
VisualStudioVersion = 16.0.31624.102
MinimumVisualStudioVersion = 10.0.40219.1
Project("{FAE04EC0-301F-11D3-BF4B-00C04F79EFBC}") = "Task8_2", "Task8_2\Task8_2.csproj", "{D1CBD057-90D8-40DF-B51C-2044A1E96315}"
EndProject
Global
	GlobalSection(SolutionConfigurationPlatforms) = preSolution
		Debug|Any CPU = Debug|Any CPU
		Release|Any CPU = Release|Any CPU
	EndGlobalSection
	GlobalSection(ProjectConfigurationPlatforms) = postSolution
		{D1CBD057-90D8-40DF-B51C-2044A1E96315}.Debug|Any CPU.ActiveCfg = Debug|Any CPU
		{D1CBD057-90D8-40DF-B51C-2044A1E96315}.Debug|Any CPU.Build.0 = Debug|Any CPU
		{D1CBD057-90D8-40DF-B51C-2044A1E96315}.Release|Any CPU.ActiveCfg = Release|Any CPU
		{D1CBD057-90D8-40DF-B51C-2044A1E96315}.Release|Any CPU.Build.0 = Release|Any CPU
	EndGlobalSection
	GlobalSection(SolutionProperties) = preSolution
		HideSolutionNode = FALSE
	EndGlobalSection
	GlobalSection(ExtensibilityGlobals) = postSolution
		SolutionGuid = {36203A4B-7D47-4817-876D-2D006AF52017}
	EndGlobalSection
EndGlobal
