
Microsoft Visual Studio Solution File, Format Version 12.00
# Visual Studio Version 16
VisualStudioVersion = 16.0.31624.102
MinimumVisualStudioVersion = 10.0.40219.1
Project("{FAE04EC0-301F-11D3-BF4B-00C04F79EFBC}") = "Task4", "Task4\Task4.csproj", "{948E9428-3AC1-439E-84EA-86316731A441}"
EndProject
Global
	GlobalSection(SolutionConfigurationPlatforms) = preSolution
		Debug|Any CPU = Debug|Any CPU
		Release|Any CPU = Release|Any CPU
	EndGlobalSection
	GlobalSection(ProjectConfigurationPlatforms) = postSolution
		{948E9428-3AC1-439E-84EA-86316731A441}.Debug|Any CPU.ActiveCfg = Debug|Any CPU
		{948E9428-3AC1-439E-84EA-86316731A441}.Debug|Any CPU.Build.0 = Debug|Any CPU
		{948E9428-3AC1-439E-84EA-86316731A441}.Release|Any CPU.ActiveCfg = Release|Any CPU
		{948E9428-3AC1-439E-84EA-86316731A441}.Release|Any CPU.Build.0 = Release|Any CPU
	EndGlobalSection
	GlobalSection(SolutionProperties) = preSolution
		HideSolutionNode = FALSE
	EndGlobalSection
	GlobalSection(ExtensibilityGlobals) = postSolution
		SolutionGuid = {E32EAC26-89BA-4CBF-AEC1-E18FA4F18F2C}
	EndGlobalSection
EndGlobal
