
Microsoft Visual Studio Solution File, Format Version 12.00
# Visual Studio Version 16
VisualStudioVersion = 16.0.31624.102
MinimumVisualStudioVersion = 10.0.40219.1
Project("{FAE04EC0-301F-11D3-BF4B-00C04F79EFBC}") = "Task8_3", "Task8_3\Task8_3.csproj", "{E307E1C3-7054-473F-BD4C-7F03C8162526}"
EndProject
Global
	GlobalSection(SolutionConfigurationPlatforms) = preSolution
		Debug|Any CPU = Debug|Any CPU
		Release|Any CPU = Release|Any CPU
	EndGlobalSection
	GlobalSection(ProjectConfigurationPlatforms) = postSolution
		{E307E1C3-7054-473F-BD4C-7F03C8162526}.Debug|Any CPU.ActiveCfg = Debug|Any CPU
		{E307E1C3-7054-473F-BD4C-7F03C8162526}.Debug|Any CPU.Build.0 = Debug|Any CPU
		{E307E1C3-7054-473F-BD4C-7F03C8162526}.Release|Any CPU.ActiveCfg = Release|Any CPU
		{E307E1C3-7054-473F-BD4C-7F03C8162526}.Release|Any CPU.Build.0 = Release|Any CPU
	EndGlobalSection
	GlobalSection(SolutionProperties) = preSolution
		HideSolutionNode = FALSE
	EndGlobalSection
	GlobalSection(ExtensibilityGlobals) = postSolution
		SolutionGuid = {51DD70F0-F799-42CD-978E-DFB73652081B}
	EndGlobalSection
EndGlobal
