
Microsoft Visual Studio Solution File, Format Version 12.00
# Visual Studio Version 16
VisualStudioVersion = 16.0.31624.102
MinimumVisualStudioVersion = 10.0.40219.1
Project("{FAE04EC0-301F-11D3-BF4B-00C04F79EFBC}") = "Task11_2", "Task11_2\Task11_2.csproj", "{7694355D-C5F3-4069-AE29-F20135B8B423}"
EndProject
Global
	GlobalSection(SolutionConfigurationPlatforms) = preSolution
		Debug|Any CPU = Debug|Any CPU
		Release|Any CPU = Release|Any CPU
	EndGlobalSection
	GlobalSection(ProjectConfigurationPlatforms) = postSolution
		{7694355D-C5F3-4069-AE29-F20135B8B423}.Debug|Any CPU.ActiveCfg = Debug|Any CPU
		{7694355D-C5F3-4069-AE29-F20135B8B423}.Debug|Any CPU.Build.0 = Debug|Any CPU
		{7694355D-C5F3-4069-AE29-F20135B8B423}.Release|Any CPU.ActiveCfg = Release|Any CPU
		{7694355D-C5F3-4069-AE29-F20135B8B423}.Release|Any CPU.Build.0 = Release|Any CPU
	EndGlobalSection
	GlobalSection(SolutionProperties) = preSolution
		HideSolutionNode = FALSE
	EndGlobalSection
	GlobalSection(ExtensibilityGlobals) = postSolution
		SolutionGuid = {FA0BC58E-F1D3-4C60-B539-494BCD5B84A1}
	EndGlobalSection
EndGlobal
